// !$*UTF8*$!
{
	archiveVersion = 1;
	classes = {
	};
	objectVersion = 60;
	objects = {

/* Begin PBXBuildFile section */
		WA10000020000000000000003 /* HomeWorkoutWatch.app in Embed Watch Content */ = {isa = PBXBuildFile; fileRef = W10A0000100000000000000D /* HomeWorkoutWatch.app */; settings = {ATTRIBUTES = (RemoveHeadersOnCopy, ); }; };
		IAP0000020000000000000001 /* IAPPlugin.swift in Sources */ = {isa = PBXBuildFile; fileRef = IAP0000010000000000000001 /* IAPPlugin.swift */; };
		IAP0000020000000000000002 /* IAPPlugin.m in Sources */ = {isa = PBXBuildFile; fileRef = IAP0000010000000000000002 /* IAPPlugin.m */; };
		IAP0000020000000000000003 /* StoreKit.framework in Frameworks */ = {isa = PBXBuildFile; fileRef = IAP0000010000000000000003 /* StoreKit.framework */; };
		IAP0000020000000000000004 /* CloudKit.framework in Frameworks */ = {isa = PBXBuildFile; fileRef = IAP0000010000000000000004 /* CloudKit.framework */; };
		IC10000020000000000000001 /* iCloudSyncPlugin.swift in Sources */ = {isa = PBXBuildFile; fileRef = IC10000010000000000000001 /* iCloudSyncPlugin.swift */; };
		IC10000020000000000000002 /* iCloudSyncPlugin.m in Sources */ = {isa = PBXBuildFile; fileRef = IC10000010000000000000002 /* iCloudSyncPlugin.m */; };
		MP10000020000000000000001 /* MusicPlugin.swift in Sources */ = {isa = PBXBuildFile; fileRef = MP10000010000000000000001 /* MusicPlugin.swift */; };
		MP10000020000000000000002 /* MusicPlugin.m in Sources */ = {isa = PBXBuildFile; fileRef = MP10000010000000000000002 /* MusicPlugin.m */; };
		SP10000020000000000000001 /* SpeechPlugin.swift in Sources */ = {isa = PBXBuildFile; fileRef = SP10000010000000000000001 /* SpeechPlugin.swift */; };
		SP10000020000000000000002 /* SpeechPlugin.m in Sources */ = {isa = PBXBuildFile; fileRef = SP10000010000000000000002 /* SpeechPlugin.m */; };
		MP10000020000000000000003 /* MediaPlayer.framework in Frameworks */ = {isa = PBXBuildFile; fileRef = MP10000010000000000000003 /* MediaPlayer.framework */; };
		0EA13C48A6AC508A99E0EAE1 /* HealthKitPlugin.m in Sources */ = {isa = PBXBuildFile; fileRef = 36971A38436F34FBC8632F1C /* HealthKitPlugin.m */; };
		1D78BB2E4F4F0F816A069684 /* HealthKitPlugin.swift in Sources */ = {isa = PBXBuildFile; fileRef = C14F334DAACB8180314B203D /* HealthKitPlugin.swift */; };
		2FAD9763203C412B000D30F8 /* config.xml in Resources */ = {isa = PBXBuildFile; fileRef = 2FAD9762203C412B000D30F8 /* config.xml */; };
		4D22ABE92AF431CB00220026 /* CapApp-SPM in Frameworks */ = {isa = PBXBuildFile; productRef = 4D22ABE82AF431CB00220026 /* CapApp-SPM */; };
		50379B232058CBB4000EE86E /* capacitor.config.json in Resources */ = {isa = PBXBuildFile; fileRef = 50379B222058CBB4000EE86E /* capacitor.config.json */; };
		504EC3081FED79650016851F /* AppDelegate.swift in Sources */ = {isa = PBXBuildFile; fileRef = 504EC3071FED79650016851F /* AppDelegate.swift */; };
		504EC30D1FED79650016851F /* Main.storyboard in Resources */ = {isa = PBXBuildFile; fileRef = 504EC30B1FED79650016851F /* Main.storyboard */; };
		504EC30F1FED79650016851F /* Assets.xcassets in Resources */ = {isa = PBXBuildFile; fileRef = 504EC30E1FED79650016851F /* Assets.xcassets */; };
		504EC3121FED79650016851F /* LaunchScreen.storyboard in Resources */ = {isa = PBXBuildFile; fileRef = 504EC3101FED79650016851F /* LaunchScreen.storyboard */; };
		50B271D11FEDC1A000F3C39B /* public in Resources */ = {isa = PBXBuildFile; fileRef = 50B271D01FEDC1A000F3C39B /* public */; };
		A1B2C3D4E5F60718293A4B5F /* WatchConnectivityPlugin.swift in Sources */ = {isa = PBXBuildFile; fileRef = A1B2C3D4E5F60718293A4B5C /* WatchConnectivityPlugin.swift */; };
		A1B2C3D4E5F60718293A4B60 /* WatchConnectivityPlugin.m in Sources */ = {isa = PBXBuildFile; fileRef = A1B2C3D4E5F60718293A4B5D /* WatchConnectivityPlugin.m */; };
		A1B2C3D4E5F60718293A4B61 /* WatchConnectivity.framework in Frameworks */ = {isa = PBXBuildFile; fileRef = A1B2C3D4E5F60718293A4B5E /* WatchConnectivity.framework */; };
		F542E546A30DE19B4181F259 /* ActivityKit.framework in Frameworks */ = {isa = PBXBuildFile; fileRef = D539E9C49DCE02AD3F173676 /* ActivityKit.framework */; };
		FF7F5176B43B6BB84A87906C /* HealthKit.framework in Frameworks */ = {isa = PBXBuildFile; fileRef = E3C7A6A16AB446B71C702EFF /* HealthKit.framework */; };
		W10A00002000000000000001 /* HomeWorkoutWatchApp.swift in Sources */ = {isa = PBXBuildFile; fileRef = W10A00001000000000000001 /* HomeWorkoutWatchApp.swift */; };
		W10A00002000000000000002 /* WorkoutSessionManager.swift in Sources */ = {isa = PBXBuildFile; fileRef = W10A00001000000000000002 /* WorkoutSessionManager.swift */; };
		W10A00002000000000000003 /* ContentView.swift in Sources */ = {isa = PBXBuildFile; fileRef = W10A00001000000000000003 /* ContentView.swift */; };
		W10A00002000000000000004 /* ActiveWorkoutView.swift in Sources */ = {isa = PBXBuildFile; fileRef = W10A00001000000000000004 /* ActiveWorkoutView.swift */; };
		W10A00002000000000000005 /* WorkoutControlsView.swift in Sources */ = {isa = PBXBuildFile; fileRef = W10A00001000000000000005 /* WorkoutControlsView.swift */; };
		W10A00002000000000000006 /* IdleView.swift in Sources */ = {isa = PBXBuildFile; fileRef = W10A00001000000000000006 /* IdleView.swift */; };
		W10A00002000000000000007 /* HeartRateView.swift in Sources */ = {isa = PBXBuildFile; fileRef = W10A00001000000000000007 /* HeartRateView.swift */; };
		W10A00002000000000000008 /* Assets.xcassets in Resources */ = {isa = PBXBuildFile; fileRef = W10A00001000000000000008 /* Assets.xcassets */; };
		W10A00002000000000000009 /* HealthKit.framework in Frameworks */ = {isa = PBXBuildFile; fileRef = W10A0000100000000000000B /* HealthKit.framework */; };
		W10A0000200000000000000A /* WatchConnectivity.framework in Frameworks */ = {isa = PBXBuildFile; fileRef = W10A0000100000000000000C /* WatchConnectivity.framework */; };
		LA10000020000000000000001 /* SimpleWorkoutGenLiveActivity.swift in Sources */ = {isa = PBXBuildFile; fileRef = LA10000010000000000000001 /* SimpleWorkoutGenLiveActivity.swift */; };
		LA10000020000000000000002 /* SimpleWorkoutGenLiveActivityBundle.swift in Sources */ = {isa = PBXBuildFile; fileRef = LA10000010000000000000002 /* SimpleWorkoutGenLiveActivityBundle.swift */; };
		LA10000020000000000000003 /* ActivityKit.framework in Frameworks */ = {isa = PBXBuildFile; fileRef = LA10000010000000000000004 /* ActivityKit.framework */; };
/* End PBXBuildFile section */

/* Begin PBXFileReference section */
		1B698EAE2C449EFCABFB37A4 /* App.entitlements */ = {isa = PBXFileReference; lastKnownFileType = text.plist.entitlements; path = App.entitlements; sourceTree = "<group>"; };
		2FAD9762203C412B000D30F8 /* config.xml */ = {isa = PBXFileReference; lastKnownFileType = text.xml; path = config.xml; sourceTree = "<group>"; };
		36971A38436F34FBC8632F1C /* HealthKitPlugin.m */ = {isa = PBXFileReference; lastKnownFileType = sourcecode.c.objc; path = HealthKitPlugin.m; sourceTree = "<group>"; };
		IAP0000010000000000000001 /* IAPPlugin.swift */ = {isa = PBXFileReference; lastKnownFileType = sourcecode.swift; path = IAPPlugin.swift; sourceTree = "<group>"; };
		IAP0000010000000000000002 /* IAPPlugin.m */ = {isa = PBXFileReference; lastKnownFileType = sourcecode.c.objc; path = IAPPlugin.m; sourceTree = "<group>"; };
		IAP0000010000000000000003 /* StoreKit.framework */ = {isa = PBXFileReference; lastKnownFileType = wrapper.framework; name = StoreKit.framework; path = System/Library/Frameworks/StoreKit.framework; sourceTree = SDKROOT; };
		IAP0000010000000000000004 /* CloudKit.framework */ = {isa = PBXFileReference; lastKnownFileType = wrapper.framework; name = CloudKit.framework; path = System/Library/Frameworks/CloudKit.framework; sourceTree = SDKROOT; };
		IC10000010000000000000001 /* iCloudSyncPlugin.swift */ = {isa = PBXFileReference; lastKnownFileType = sourcecode.swift; path = iCloudSyncPlugin.swift; sourceTree = "<group>"; };
		IC10000010000000000000002 /* iCloudSyncPlugin.m */ = {isa = PBXFileReference; lastKnownFileType = sourcecode.c.objc; path = iCloudSyncPlugin.m; sourceTree = "<group>"; };
		MP10000010000000000000001 /* MusicPlugin.swift */ = {isa = PBXFileReference; lastKnownFileType = sourcecode.swift; path = MusicPlugin.swift; sourceTree = "<group>"; };
		MP10000010000000000000002 /* MusicPlugin.m */ = {isa = PBXFileReference; lastKnownFileType = sourcecode.c.objc; path = MusicPlugin.m; sourceTree = "<group>"; };
		SP10000010000000000000001 /* SpeechPlugin.swift */ = {isa = PBXFileReference; lastKnownFileType = sourcecode.swift; path = SpeechPlugin.swift; sourceTree = "<group>"; };
		SP10000010000000000000002 /* SpeechPlugin.m */ = {isa = PBXFileReference; lastKnownFileType = sourcecode.c.objc; path = SpeechPlugin.m; sourceTree = "<group>"; };
		MP10000010000000000000003 /* MediaPlayer.framework */ = {isa = PBXFileReference; lastKnownFileType = wrapper.framework; name = MediaPlayer.framework; path = System/Library/Frameworks/MediaPlayer.framework; sourceTree = SDKROOT; };
		50379B222058CBB4000EE86E /* capacitor.config.json */ = {isa = PBXFileReference; fileEncoding = 4; lastKnownFileType = text.json; path = capacitor.config.json; sourceTree = "<group>"; };
		504EC3041FED79650016851F /* App.app */ = {isa = PBXFileReference; explicitFileType = wrapper.application; includeInIndex = 0; path = App.app; sourceTree = BUILT_PRODUCTS_DIR; };
		504EC3071FED79650016851F /* AppDelegate.swift */ = {isa = PBXFileReference; lastKnownFileType = sourcecode.swift; path = AppDelegate.swift; sourceTree = "<group>"; };
		504EC30C1FED79650016851F /* Base */ = {isa = PBXFileReference; lastKnownFileType = file.storyboard; name = Base; path = Base.lproj/Main.storyboard; sourceTree = "<group>"; };
		504EC30E1FED79650016851F /* Assets.xcassets */ = {isa = PBXFileReference; lastKnownFileType = folder.assetcatalog; path = Assets.xcassets; sourceTree = "<group>"; };
		504EC3111FED79650016851F /* Base */ = {isa = PBXFileReference; lastKnownFileType = file.storyboard; name = Base; path = Base.lproj/LaunchScreen.storyboard; sourceTree = "<group>"; };
		504EC3131FED79650016851F /* Info.plist */ = {isa = PBXFileReference; lastKnownFileType = text.plist.xml; path = Info.plist; sourceTree = "<group>"; };
		50B271D01FEDC1A000F3C39B /* public */ = {isa = PBXFileReference; lastKnownFileType = folder; path = public; sourceTree = "<group>"; };
		958DCC722DB07C7200EA8C5F /* debug.xcconfig */ = {isa = PBXFileReference; lastKnownFileType = text.xcconfig; name = debug.xcconfig; path = ../debug.xcconfig; sourceTree = SOURCE_ROOT; };
		A1B2C3D4E5F60718293A4B5C /* WatchConnectivityPlugin.swift */ = {isa = PBXFileReference; lastKnownFileType = sourcecode.swift; path = WatchConnectivityPlugin.swift; sourceTree = "<group>"; };
		A1B2C3D4E5F60718293A4B5D /* WatchConnectivityPlugin.m */ = {isa = PBXFileReference; lastKnownFileType = sourcecode.c.objc; path = WatchConnectivityPlugin.m; sourceTree = "<group>"; };
		A1B2C3D4E5F60718293A4B5E /* WatchConnectivity.framework */ = {isa = PBXFileReference; lastKnownFileType = wrapper.framework; name = WatchConnectivity.framework; path = System/Library/Frameworks/WatchConnectivity.framework; sourceTree = SDKROOT; };
		C14F334DAACB8180314B203D /* HealthKitPlugin.swift */ = {isa = PBXFileReference; lastKnownFileType = sourcecode.swift; path = HealthKitPlugin.swift; sourceTree = "<group>"; };
		D539E9C49DCE02AD3F173676 /* ActivityKit.framework */ = {isa = PBXFileReference; lastKnownFileType = wrapper.framework; name = ActivityKit.framework; path = System/Library/Frameworks/ActivityKit.framework; sourceTree = SDKROOT; };
		E3C7A6A16AB446B71C702EFF /* HealthKit.framework */ = {isa = PBXFileReference; lastKnownFileType = wrapper.framework; name = HealthKit.framework; path = System/Library/Frameworks/HealthKit.framework; sourceTree = SDKROOT; };
		W10A00001000000000000001 /* HomeWorkoutWatchApp.swift */ = {isa = PBXFileReference; lastKnownFileType = sourcecode.swift; path = HomeWorkoutWatchApp.swift; sourceTree = "<group>"; };
		W10A00001000000000000002 /* WorkoutSessionManager.swift */ = {isa = PBXFileReference; lastKnownFileType = sourcecode.swift; path = WorkoutSessionManager.swift; sourceTree = "<group>"; };
		W10A00001000000000000003 /* ContentView.swift */ = {isa = PBXFileReference; lastKnownFileType = sourcecode.swift; path = ContentView.swift; sourceTree = "<group>"; };
		W10A00001000000000000004 /* ActiveWorkoutView.swift */ = {isa = PBXFileReference; lastKnownFileType = sourcecode.swift; path = ActiveWorkoutView.swift; sourceTree = "<group>"; };
		W10A00001000000000000005 /* WorkoutControlsView.swift */ = {isa = PBXFileReference; lastKnownFileType = sourcecode.swift; path = WorkoutControlsView.swift; sourceTree = "<group>"; };
		W10A00001000000000000006 /* IdleView.swift */ = {isa = PBXFileReference; lastKnownFileType = sourcecode.swift; path = IdleView.swift; sourceTree = "<group>"; };
		W10A00001000000000000007 /* HeartRateView.swift */ = {isa = PBXFileReference; lastKnownFileType = sourcecode.swift; path = HeartRateView.swift; sourceTree = "<group>"; };
		W10A00001000000000000008 /* Assets.xcassets */ = {isa = PBXFileReference; lastKnownFileType = folder.assetcatalog; path = Assets.xcassets; sourceTree = "<group>"; };
		W10A00001000000000000009 /* Info.plist */ = {isa = PBXFileReference; lastKnownFileType = text.plist.xml; path = Info.plist; sourceTree = "<group>"; };
		W10A0000100000000000000A /* HomeWorkoutWatch.entitlements */ = {isa = PBXFileReference; lastKnownFileType = text.plist.entitlements; path = HomeWorkoutWatch.entitlements; sourceTree = "<group>"; };
		W10A0000100000000000000B /* HealthKit.framework */ = {isa = PBXFileReference; lastKnownFileType = wrapper.framework; name = HealthKit.framework; path = System/Library/Frameworks/HealthKit.framework; sourceTree = SDKROOT; };
		W10A0000100000000000000C /* WatchConnectivity.framework */ = {isa = PBXFileReference; lastKnownFileType = wrapper.framework; name = WatchConnectivity.framework; path = System/Library/Frameworks/WatchConnectivity.framework; sourceTree = SDKROOT; };
		W10A0000100000000000000D /* HomeWorkoutWatch.app */ = {isa = PBXFileReference; explicitFileType = wrapper.application; includeInIndex = 0; path = HomeWorkoutWatch.app; sourceTree = BUILT_PRODUCTS_DIR; };
		LA10000010000000000000001 /* SimpleWorkoutGenLiveActivity.swift */ = {isa = PBXFileReference; lastKnownFileType = sourcecode.swift; path = SimpleWorkoutGenLiveActivity.swift; sourceTree = "<group>"; };
		LA10000010000000000000002 /* SimpleWorkoutGenLiveActivityBundle.swift */ = {isa = PBXFileReference; lastKnownFileType = sourcecode.swift; path = SimpleWorkoutGenLiveActivityBundle.swift; sourceTree = "<group>"; };
		LA10000010000000000000003 /* Info.plist */ = {isa = PBXFileReference; lastKnownFileType = text.plist.xml; path = Info.plist; sourceTree = "<group>"; };
		LA10000010000000000000004 /* ActivityKit.framework */ = {isa = PBXFileReference; lastKnownFileType = wrapper.framework; name = ActivityKit.framework; path = System/Library/Frameworks/ActivityKit.framework; sourceTree = SDKROOT; };
		LA10000010000000000000005 /* SimpleWorkoutGenLiveActivity.appex */ = {isa = PBXFileReference; explicitFileType = "wrapper.app-extension"; includeInIndex = 0; path = SimpleWorkoutGenLiveActivity.appex; sourceTree = BUILT_PRODUCTS_DIR; };
/* End PBXFileReference section */

/* Begin PBXContainerItemProxy section */
		LA10000080000000000000001 /* PBXContainerItemProxy */ = {
			isa = PBXContainerItemProxy;
			containerPortal = 504EC2FC1FED79650016851F /* Project object */;
			proxyType = 1;
			remoteGlobalIDString = LA10000050000000000000001;
			remoteInfo = SimpleWorkoutGenLiveActivity;
		};
		WA10000080000000000000001 /* PBXContainerItemProxy */ = {
			isa = PBXContainerItemProxy;
			containerPortal = 504EC2FC1FED79650016851F /* Project object */;
			proxyType = 1;
			remoteGlobalIDString = W10A00005000000000000001;
			remoteInfo = HomeWorkoutWatch;
		};
/* End PBXContainerItemProxy section */

/* Begin PBXTargetDependency section */
		LA10000080000000000000002 /* PBXTargetDependency */ = {
			isa = PBXTargetDependency;
			target = LA10000050000000000000001 /* SimpleWorkoutGenLiveActivity */;
			targetProxy = LA10000080000000000000001 /* PBXContainerItemProxy */;
		};
		WA10000080000000000000002 /* PBXTargetDependency */ = {
			isa = PBXTargetDependency;
			target = W10A00005000000000000001 /* HomeWorkoutWatch */;
			targetProxy = WA10000080000000000000001 /* PBXContainerItemProxy */;
		};
/* End PBXTargetDependency section */

/* Begin PBXCopyFilesBuildPhase section */
		WA10000090000000000000001 /* Embed Watch Content */ = {
			isa = PBXCopyFilesBuildPhase;
			buildActionMask = 2147483647;
			dstPath = "$(CONTENTS_FOLDER_PATH)/Watch";
			dstSubfolderSpec = 16;
			files = (
				WA10000020000000000000003 /* HomeWorkoutWatch.app in Embed Watch Content */,
			);
			name = "Embed Watch Content";
			runOnlyForDeploymentPostprocessing = 0;
		};
/* End PBXCopyFilesBuildPhase section */

/* Begin PBXFrameworksBuildPhase section */
		504EC3011FED79650016851F /* Frameworks */ = {
			isa = PBXFrameworksBuildPhase;
			buildActionMask = 2147483647;
			files = (
				A1B2C3D4E5F60718293A4B61 /* WatchConnectivity.framework in Frameworks */,
				F542E546A30DE19B4181F259 /* ActivityKit.framework in Frameworks */,
				FF7F5176B43B6BB84A87906C /* HealthKit.framework in Frameworks */,
				MP10000020000000000000003 /* MediaPlayer.framework in Frameworks */,
				IAP0000020000000000000003 /* StoreKit.framework in Frameworks */,
				IAP0000020000000000000004 /* CloudKit.framework in Frameworks */,
				4D22ABE92AF431CB00220026 /* CapApp-SPM in Frameworks */,
			);
			runOnlyForDeploymentPostprocessing = 0;
		};
		W10A00004000000000000002 /* Frameworks */ = {
			isa = PBXFrameworksBuildPhase;
			buildActionMask = 2147483647;
			files = (
				W10A00002000000000000009 /* HealthKit.framework in Frameworks */,
				W10A0000200000000000000A /* WatchConnectivity.framework in Frameworks */,
			);
			runOnlyForDeploymentPostprocessing = 0;
		};
		LA10000040000000000000002 /* Frameworks */ = {
			isa = PBXFrameworksBuildPhase;
			buildActionMask = 2147483647;
			files = (
				LA10000020000000000000003 /* ActivityKit.framework in Frameworks */,
			);
			runOnlyForDeploymentPostprocessing = 0;
		};
/* End PBXFrameworksBuildPhase section */

/* Begin PBXGroup section */
		504EC2FB1FED79650016851F = {
			isa = PBXGroup;
			children = (
				F1A7FA9B725D36A58D8D4E2B /* Frameworks */,
				958DCC722DB07C7200EA8C5F /* debug.xcconfig */,
				504EC3061FED79650016851F /* App */,
				W10A00003000000000000001 /* HomeWorkoutWatch */,
				LA10000030000000000000001 /* SimpleWorkoutGenLiveActivity */,
				504EC3051FED79650016851F /* Products */,
				D855E8562FA0318B00ACC5D5 /* Recovered References */,
			);
			sourceTree = "<group>";
		};
		504EC3051FED79650016851F /* Products */ = {
			isa = PBXGroup;
			children = (
				504EC3041FED79650016851F /* App.app */,
				W10A0000100000000000000D /* HomeWorkoutWatch.app */,
				LA10000010000000000000005 /* SimpleWorkoutGenLiveActivity.appex */,
			);
			name = Products;
			sourceTree = "<group>";
		};
		504EC3061FED79650016851F /* App */ = {
			isa = PBXGroup;
			children = (
				1B698EAE2C449EFCABFB37A4 /* App.entitlements */,
				5A63B0DA7212D90F6221B689 /* Plugins */,
				50379B222058CBB4000EE86E /* capacitor.config.json */,
				504EC3071FED79650016851F /* AppDelegate.swift */,
				504EC30B1FED79650016851F /* Main.storyboard */,
				504EC30E1FED79650016851F /* Assets.xcassets */,
				504EC3101FED79650016851F /* LaunchScreen.storyboard */,
				504EC3131FED79650016851F /* Info.plist */,
				2FAD9762203C412B000D30F8 /* config.xml */,
				50B271D01FEDC1A000F3C39B /* public */,
			);
			path = App;
			sourceTree = "<group>";
		};
		5A63B0DA7212D90F6221B689 /* Plugins */ = {
			isa = PBXGroup;
			children = (
				A1B2C3D4E5F60718293A4B5C /* WatchConnectivityPlugin.swift */,
				A1B2C3D4E5F60718293A4B5D /* WatchConnectivityPlugin.m */,
				C14F334DAACB8180314B203D /* HealthKitPlugin.swift */,
				36971A38436F34FBC8632F1C /* HealthKitPlugin.m */,
				IC10000010000000000000001 /* iCloudSyncPlugin.swift */,
				IC10000010000000000000002 /* iCloudSyncPlugin.m */,
				MP10000010000000000000001 /* MusicPlugin.swift */,
				MP10000010000000000000002 /* MusicPlugin.m */,
				IAP0000010000000000000001 /* IAPPlugin.swift */,
				IAP0000010000000000000002 /* IAPPlugin.m */,
				SP10000010000000000000001 /* SpeechPlugin.swift */,
				SP10000010000000000000002 /* SpeechPlugin.m */,
			);
			path = Plugins;
			sourceTree = "<group>";
		};
		D855E8562FA0318B00ACC5D5 /* Recovered References */ = {
			isa = PBXGroup;
			children = (
				W10A0000100000000000000B /* HealthKit.framework */,
				W10A0000100000000000000C /* WatchConnectivity.framework */,
			);
			name = "Recovered References";
			sourceTree = "<group>";
		};
		F1A7FA9B725D36A58D8D4E2B /* Frameworks */ = {
			isa = PBXGroup;
			children = (
				A1B2C3D4E5F60718293A4B5E /* WatchConnectivity.framework */,
				D539E9C49DCE02AD3F173676 /* ActivityKit.framework */,
				LA10000010000000000000004 /* ActivityKit.framework */,
				E3C7A6A16AB446B71C702EFF /* HealthKit.framework */,
				MP10000010000000000000003 /* MediaPlayer.framework */,
			);
			name = Frameworks;
			sourceTree = "<group>";
		};
		W10A00003000000000000001 /* HomeWorkoutWatch */ = {
			isa = PBXGroup;
			children = (
				W10A0000100000000000000A /* HomeWorkoutWatch.entitlements */,
				W10A00001000000000000001 /* HomeWorkoutWatchApp.swift */,
				W10A00001000000000000002 /* WorkoutSessionManager.swift */,
				W10A00003000000000000002 /* Views */,
				W10A00001000000000000008 /* Assets.xcassets */,
				W10A00001000000000000009 /* Info.plist */,
			);
			path = HomeWorkoutWatch;
			sourceTree = "<group>";
		};
		W10A00003000000000000002 /* Views */ = {
			isa = PBXGroup;
			children = (
				W10A00001000000000000003 /* ContentView.swift */,
				W10A00001000000000000004 /* ActiveWorkoutView.swift */,
				W10A00001000000000000005 /* WorkoutControlsView.swift */,
				W10A00001000000000000006 /* IdleView.swift */,
				W10A00001000000000000007 /* HeartRateView.swift */,
			);
			path = Views;
			sourceTree = "<group>";
		};
		LA10000030000000000000001 /* SimpleWorkoutGenLiveActivity */ = {
			isa = PBXGroup;
			children = (
				LA10000010000000000000001 /* SimpleWorkoutGenLiveActivity.swift */,
				LA10000010000000000000002 /* SimpleWorkoutGenLiveActivityBundle.swift */,
				LA10000010000000000000003 /* Info.plist */,
			);
			path = SimpleWorkoutGenLiveActivity;
			sourceTree = "<group>";
		};
/* End PBXGroup section */

/* Begin PBXNativeTarget section */
		504EC3031FED79650016851F /* App */ = {
			isa = PBXNativeTarget;
			buildConfigurationList = 504EC3161FED79650016851F /* Build configuration list for PBXNativeTarget "App" */;
			buildPhases = (
				504EC3001FED79650016851F /* Sources */,
				504EC3011FED79650016851F /* Frameworks */,
				504EC3021FED79650016851F /* Resources */,
				WA10000090000000000000001 /* Embed Watch Content */,
			);
			buildRules = (
			);
			dependencies = (
				LA10000080000000000000002 /* PBXTargetDependency */,
				WA10000080000000000000002 /* PBXTargetDependency */,
			);
			name = App;
			packageProductDependencies = (
				4D22ABE82AF431CB00220026 /* CapApp-SPM */,
			);
			productName = App;
			productReference = 504EC3041FED79650016851F /* App.app */;
			productType = "com.apple.product-type.application";
		};
		W10A00005000000000000001 /* HomeWorkoutWatch */ = {
			isa = PBXNativeTarget;
			buildConfigurationList = W10A00007000000000000001 /* Build configuration list for PBXNativeTarget "HomeWorkoutWatch" */;
			buildPhases = (
				W10A00004000000000000001 /* Sources */,
				W10A00004000000000000002 /* Frameworks */,
				W10A00004000000000000003 /* Resources */,
			);
			buildRules = (
			);
			dependencies = (
			);
			name = HomeWorkoutWatch;
			productName = HomeWorkoutWatch;
			productReference = W10A0000100000000000000D /* HomeWorkoutWatch.app */;
			productType = "com.apple.product-type.application";
		};
		LA10000050000000000000001 /* SimpleWorkoutGenLiveActivity */ = {
			isa = PBXNativeTarget;
			buildConfigurationList = LA10000070000000000000001 /* Build configuration list for PBXNativeTarget "SimpleWorkoutGenLiveActivity" */;
			buildPhases = (
				LA10000040000000000000001 /* Sources */,
				LA10000040000000000000002 /* Frameworks */,
				LA10000040000000000000003 /* Resources */,
			);
			buildRules = (
			);
			dependencies = (
			);
			name = SimpleWorkoutGenLiveActivity;
			productName = SimpleWorkoutGenLiveActivity;
			productReference = LA10000010000000000000005 /* SimpleWorkoutGenLiveActivity.appex */;
			productType = "com.apple.product-type.app-extension";
		};
/* End PBXNativeTarget section */

/* Begin PBXProject section */
		504EC2FC1FED79650016851F /* Project object */ = {
			isa = PBXProject;
			attributes = {
				LastSwiftUpdateCheck = 0920;
				LastUpgradeCheck = 0920;
				TargetAttributes = {
					504EC3031FED79650016851F = {
						CreatedOnToolsVersion = 9.2;
						LastSwiftMigration = 1100;
						ProvisioningStyle = Automatic;
					};
					W10A00005000000000000001 = {
						CreatedOnToolsVersion = 15.0;
						ProvisioningStyle = Automatic;
					};
					LA10000050000000000000001 = {
						CreatedOnToolsVersion = 15.0;
						ProvisioningStyle = Automatic;
					};
				};
			};
			buildConfigurationList = 504EC2FF1FED79650016851F /* Build configuration list for PBXProject "App" */;
			compatibilityVersion = "Xcode 8.0";
			developmentRegion = en;
			hasScannedForEncodings = 0;
			knownRegions = (
				en,
				Base,
			);
			mainGroup = 504EC2FB1FED79650016851F;
			packageReferences = (
				D4C12C0A2AAA248700AAC8A2 /* XCLocalSwiftPackageReference "CapApp-SPM" */,
			);
			productRefGroup = 504EC3051FED79650016851F /* Products */;
			projectDirPath = "";
			projectRoot = "";
			targets = (
				504EC3031FED79650016851F /* App */,
				W10A00005000000000000001 /* HomeWorkoutWatch */,
				LA10000050000000000000001 /* SimpleWorkoutGenLiveActivity */,
			);
		};
/* End PBXProject section */

/* Begin PBXResourcesBuildPhase section */
		504EC3021FED79650016851F /* Resources */ = {
			isa = PBXResourcesBuildPhase;
			buildActionMask = 2147483647;
			files = (
				504EC3121FED79650016851F /* LaunchScreen.storyboard in Resources */,
				50B271D11FEDC1A000F3C39B /* public in Resources */,
				504EC30F1FED79650016851F /* Assets.xcassets in Resources */,
				50379B232058CBB4000EE86E /* capacitor.config.json in Resources */,
				504EC30D1FED79650016851F /* Main.storyboard in Resources */,
				2FAD9763203C412B000D30F8 /* config.xml in Resources */,
			);
			runOnlyForDeploymentPostprocessing = 0;
		};
		W10A00004000000000000003 /* Resources */ = {
			isa = PBXResourcesBuildPhase;
			buildActionMask = 2147483647;
			files = (
				W10A00002000000000000008 /* Assets.xcassets in Resources */,
			);
			runOnlyForDeploymentPostprocessing = 0;
		};
		LA10000040000000000000003 /* Resources */ = {
			isa = PBXResourcesBuildPhase;
			buildActionMask = 2147483647;
			files = (
			);
			runOnlyForDeploymentPostprocessing = 0;
		};
/* End PBXResourcesBuildPhase section */

/* Begin PBXSourcesBuildPhase section */
		504EC3001FED79650016851F /* Sources */ = {
			isa = PBXSourcesBuildPhase;
			buildActionMask = 2147483647;
			files = (
				A1B2C3D4E5F60718293A4B5F /* WatchConnectivityPlugin.swift in Sources */,
				A1B2C3D4E5F60718293A4B60 /* WatchConnectivityPlugin.m in Sources */,
				1D78BB2E4F4F0F816A069684 /* HealthKitPlugin.swift in Sources */,
				0EA13C48A6AC508A99E0EAE1 /* HealthKitPlugin.m in Sources */,
				IC10000020000000000000001 /* iCloudSyncPlugin.swift in Sources */,
				IC10000020000000000000002 /* iCloudSyncPlugin.m in Sources */,
				MP10000020000000000000001 /* MusicPlugin.swift in Sources */,
				MP10000020000000000000002 /* MusicPlugin.m in Sources */,
				IAP0000020000000000000001 /* IAPPlugin.swift in Sources */,
				IAP0000020000000000000002 /* IAPPlugin.m in Sources */,
				SP10000020000000000000001 /* SpeechPlugin.swift in Sources */,
				SP10000020000000000000002 /* SpeechPlugin.m in Sources */,
				504EC3081FED79650016851F /* AppDelegate.swift in Sources */,
			);
			runOnlyForDeploymentPostprocessing = 0;
		};
		W10A00004000000000000001 /* Sources */ = {
			isa = PBXSourcesBuildPhase;
			buildActionMask = 2147483647;
			files = (
				W10A00002000000000000001 /* HomeWorkoutWatchApp.swift in Sources */,
				W10A00002000000000000002 /* WorkoutSessionManager.swift in Sources */,
				W10A00002000000000000003 /* ContentView.swift in Sources */,
				W10A00002000000000000004 /* ActiveWorkoutView.swift in Sources */,
				W10A00002000000000000005 /* WorkoutControlsView.swift in Sources */,
				W10A00002000000000000006 /* IdleView.swift in Sources */,
				W10A00002000000000000007 /* HeartRateView.swift in Sources */,
			);
			runOnlyForDeploymentPostprocessing = 0;
		};
		LA10000040000000000000001 /* Sources */ = {
			isa = PBXSourcesBuildPhase;
			buildActionMask = 2147483647;
			files = (
				LA10000020000000000000001 /* SimpleWorkoutGenLiveActivity.swift in Sources */,
				LA10000020000000000000002 /* SimpleWorkoutGenLiveActivityBundle.swift in Sources */,
			);
			runOnlyForDeploymentPostprocessing = 0;
		};
/* End PBXSourcesBuildPhase section */

/* Begin PBXVariantGroup section */
		504EC30B1FED79650016851F /* Main.storyboard */ = {
			isa = PBXVariantGroup;
			children = (
				504EC30C1FED79650016851F /* Base */,
			);
			name = Main.storyboard;
			sourceTree = "<group>";
		};
		504EC3101FED79650016851F /* LaunchScreen.storyboard */ = {
			isa = PBXVariantGroup;
			children = (
				504EC3111FED79650016851F /* Base */,
			);
			name = LaunchScreen.storyboard;
			sourceTree = "<group>";
		};
/* End PBXVariantGroup section */

/* Begin XCBuildConfiguration section */
		504EC3141FED79650016851F /* Debug */ = {
			isa = XCBuildConfiguration;
			baseConfigurationReference = 958DCC722DB07C7200EA8C5F /* debug.xcconfig */;
			buildSettings = {
				ALWAYS_SEARCH_USER_PATHS = NO;
				CLANG_ANALYZER_NONNULL = YES;
				CLANG_ANALYZER_NUMBER_OBJECT_CONVERSION = YES_AGGRESSIVE;
				CLANG_CXX_LANGUAGE_STANDARD = "gnu++14";
				CLANG_CXX_LIBRARY = "libc++";
				CLANG_ENABLE_MODULES = YES;
				CLANG_ENABLE_OBJC_ARC = YES;
				CLANG_WARN_BLOCK_CAPTURE_AUTORELEASING = YES;
				CLANG_WARN_BOOL_CONVERSION = YES;
				CLANG_WARN_COMMA = YES;
				CLANG_WARN_CONSTANT_CONVERSION = YES;
				CLANG_WARN_DIRECT_OBJC_ISA_USAGE = YES_ERROR;
				CLANG_WARN_DOCUMENTATION_COMMENTS = YES;
				CLANG_WARN_EMPTY_BODY = YES;
				CLANG_WARN_ENUM_CONVERSION = YES;
				CLANG_WARN_INFINITE_RECURSION = YES;
				CLANG_WARN_INT_CONVERSION = YES;
				CLANG_WARN_NON_LITERAL_NULL_CONVERSION = YES;
				CLANG_WARN_OBJC_LITERAL_CONVERSION = YES;
				CLANG_WARN_OBJC_ROOT_CLASS = YES_ERROR;
				CLANG_WARN_RANGE_LOOP_ANALYSIS = YES;
				CLANG_WARN_STRICT_PROTOTYPES = YES;
				CLANG_WARN_SUSPICIOUS_MOVE = YES;
				CLANG_WARN_UNGUARDED_AVAILABILITY = YES_AGGRESSIVE;
				CLANG_WARN_UNREACHABLE_CODE = YES;
				CLANG_WARN__DUPLICATE_METHOD_MATCH = YES;
				CODE_SIGN_IDENTITY = "iPhone Developer";
				COPY_PHASE_STRIP = NO;
				DEBUG_INFORMATION_FORMAT = dwarf;
				ENABLE_STRICT_OBJC_MSGSEND = YES;
				ENABLE_TESTABILITY = YES;
				GCC_C_LANGUAGE_STANDARD = gnu11;
				GCC_DYNAMIC_NO_PIC = NO;
				GCC_NO_COMMON_BLOCKS = YES;
				GCC_OPTIMIZATION_LEVEL = 0;
				GCC_PREPROCESSOR_DEFINITIONS = (
					"DEBUG=1",
					"$(inherited)",
				);
				GCC_WARN_64_TO_32_BIT_CONVERSION = YES;
				GCC_WARN_ABOUT_RETURN_TYPE = YES_ERROR;
				GCC_WARN_UNDECLARED_SELECTOR = YES;
				GCC_WARN_UNINITIALIZED_AUTOS = YES_AGGRESSIVE;
				GCC_WARN_UNUSED_FUNCTION = YES;
				GCC_WARN_UNUSED_VARIABLE = YES;
				IPHONEOS_DEPLOYMENT_TARGET = 15.0;
				MTL_ENABLE_DEBUG_INFO = YES;
				ONLY_ACTIVE_ARCH = YES;
				SDKROOT = iphoneos;
				SWIFT_ACTIVE_COMPILATION_CONDITIONS = DEBUG;
				SWIFT_OPTIMIZATION_LEVEL = "-Onone";
			};
			name = Debug;
		};
		504EC3151FED79650016851F /* Release */ = {
			isa = XCBuildConfiguration;
			buildSettings = {
				ALWAYS_SEARCH_USER_PATHS = NO;
				CLANG_ANALYZER_NONNULL = YES;
				CLANG_ANALYZER_NUMBER_OBJECT_CONVERSION = YES_AGGRESSIVE;
				CLANG_CXX_LANGUAGE_STANDARD = "gnu++14";
				CLANG_CXX_LIBRARY = "libc++";
				CLANG_ENABLE_MODULES = YES;
				CLANG_ENABLE_OBJC_ARC = YES;
				CLANG_WARN_BLOCK_CAPTURE_AUTORELEASING = YES;
				CLANG_WARN_BOOL_CONVERSION = YES;
				CLANG_WARN_COMMA = YES;
				CLANG_WARN_CONSTANT_CONVERSION = YES;
				CLANG_WARN_DIRECT_OBJC_ISA_USAGE = YES_ERROR;
				CLANG_WARN_DOCUMENTATION_COMMENTS = YES;
				CLANG_WARN_EMPTY_BODY = YES;
				CLANG_WARN_ENUM_CONVERSION = YES;
				CLANG_WARN_INFINITE_RECURSION = YES;
				CLANG_WARN_INT_CONVERSION = YES;
				CLANG_WARN_NON_LITERAL_NULL_CONVERSION = YES;
				CLANG_WARN_OBJC_LITERAL_CONVERSION = YES;
				CLANG_WARN_OBJC_ROOT_CLASS = YES_ERROR;
				CLANG_WARN_RANGE_LOOP_ANALYSIS = YES;
				CLANG_WARN_STRICT_PROTOTYPES = YES;
				CLANG_WARN_SUSPICIOUS_MOVE = YES;
				CLANG_WARN_UNGUARDED_AVAILABILITY = YES_AGGRESSIVE;
				CLANG_WARN_UNREACHABLE_CODE = YES;
				CLANG_WARN__DUPLICATE_METHOD_MATCH = YES;
				CODE_SIGN_IDENTITY = "iPhone Developer";
				COPY_PHASE_STRIP = NO;
				DEBUG_INFORMATION_FORMAT = "dwarf-with-dsym";
				ENABLE_NS_ASSERTIONS = NO;
				ENABLE_STRICT_OBJC_MSGSEND = YES;
				GCC_C_LANGUAGE_STANDARD = gnu11;
				GCC_NO_COMMON_BLOCKS = YES;
				GCC_WARN_64_TO_32_BIT_CONVERSION = YES;
				GCC_WARN_ABOUT_RETURN_TYPE = YES_ERROR;
				GCC_WARN_UNDECLARED_SELECTOR = YES;
				GCC_WARN_UNINITIALIZED_AUTOS = YES_AGGRESSIVE;
				GCC_WARN_UNUSED_FUNCTION = YES;
				GCC_WARN_UNUSED_VARIABLE = YES;
				IPHONEOS_DEPLOYMENT_TARGET = 15.0;
				MTL_ENABLE_DEBUG_INFO = NO;
				SDKROOT = iphoneos;
				SWIFT_COMPILATION_MODE = wholemodule;
				SWIFT_OPTIMIZATION_LEVEL = "-O";
				VALIDATE_PRODUCT = YES;
			};
			name = Release;
		};
		504EC3171FED79650016851F /* Debug */ = {
			isa = XCBuildConfiguration;
			baseConfigurationReference = 958DCC722DB07C7200EA8C5F /* debug.xcconfig */;
			buildSettings = {
				ASSETCATALOG_COMPILER_APPICON_NAME = AppIcon;
				CODE_SIGN_ENTITLEMENTS = App/App.entitlements;
				CODE_SIGN_STYLE = Automatic;
				CURRENT_PROJECT_VERSION = 22;
				DEVELOPMENT_TEAM = T33B88TGA8;
				INFOPLIST_FILE = App/Info.plist;
				IPHONEOS_DEPLOYMENT_TARGET = 15.0;
				LD_RUNPATH_SEARCH_PATHS = (
					"$(inherited)",
					"@executable_path/Frameworks",
				);
				MARKETING_VERSION = 1.0;
				OTHER_SWIFT_FLAGS = "$(inherited) \"-D\" \"COCOAPODS\" \"-DDEBUG\"";
				PRODUCT_BUNDLE_IDENTIFIER = com.nomaen.homeworkout;
				PRODUCT_NAME = "$(TARGET_NAME)";
				SWIFT_ACTIVE_COMPILATION_CONDITIONS = DEBUG;
				SWIFT_VERSION = 5.0;
				TARGETED_DEVICE_FAMILY = "1,2";
			};
			name = Debug;
		};
		504EC3181FED79650016851F /* Release */ = {
			isa = XCBuildConfiguration;
			buildSettings = {
				ASSETCATALOG_COMPILER_APPICON_NAME = AppIcon;
				CODE_SIGN_ENTITLEMENTS = App/App.entitlements;
				CODE_SIGN_STYLE = Automatic;
				CURRENT_PROJECT_VERSION = 22;
				DEVELOPMENT_TEAM = T33B88TGA8;
				INFOPLIST_FILE = App/Info.plist;
				IPHONEOS_DEPLOYMENT_TARGET = 15.0;
				LD_RUNPATH_SEARCH_PATHS = (
					"$(inherited)",
					"@executable_path/Frameworks",
				);
				MARKETING_VERSION = 1.0;
				PRODUCT_BUNDLE_IDENTIFIER = com.nomaen.homeworkout;
				PRODUCT_NAME = "$(TARGET_NAME)";
				SWIFT_ACTIVE_COMPILATION_CONDITIONS = "";
				SWIFT_VERSION = 5.0;
				TARGETED_DEVICE_FAMILY = "1,2";
			};
			name = Release;
		};
		W10A00006000000000000001 /* Debug */ = {
			isa = XCBuildConfiguration;
			buildSettings = {
				ASSETCATALOG_COMPILER_APPICON_NAME = AppIcon;
				CODE_SIGN_ENTITLEMENTS = HomeWorkoutWatch/HomeWorkoutWatch.entitlements;
				CODE_SIGN_STYLE = Automatic;
				CURRENT_PROJECT_VERSION = 22;
				DEVELOPMENT_TEAM = T33B88TGA8;
				GENERATE_INFOPLIST_FILE = YES;
				INFOPLIST_FILE = HomeWorkoutWatch/Info.plist;
				INFOPLIST_KEY_CFBundleDisplayName = SimpleWorkoutGen;
				MARKETING_VERSION = 1.0;
				PRODUCT_BUNDLE_IDENTIFIER = com.nomaen.homeworkout.watchkitapp;
				PRODUCT_NAME = "$(TARGET_NAME)";
				SDKROOT = watchos;
				SKIP_INSTALL = YES;
				SWIFT_EMIT_LOC_STRINGS = YES;
				SWIFT_VERSION = 5.0;
				TARGETED_DEVICE_FAMILY = 4;
				WATCHOS_DEPLOYMENT_TARGET = 10.0;
			};
			name = Debug;
		};
		W10A00006000000000000002 /* Release */ = {
			isa = XCBuildConfiguration;
			buildSettings = {
				ASSETCATALOG_COMPILER_APPICON_NAME = AppIcon;
				CODE_SIGN_ENTITLEMENTS = HomeWorkoutWatch/HomeWorkoutWatch.entitlements;
				CODE_SIGN_STYLE = Automatic;
				CURRENT_PROJECT_VERSION = 22;
				DEVELOPMENT_TEAM = T33B88TGA8;
				GENERATE_INFOPLIST_FILE = YES;
				INFOPLIST_FILE = HomeWorkoutWatch/Info.plist;
				INFOPLIST_KEY_CFBundleDisplayName = SimpleWorkoutGen;
				MARKETING_VERSION = 1.0;
				PRODUCT_BUNDLE_IDENTIFIER = com.nomaen.homeworkout.watchkitapp;
				PRODUCT_NAME = "$(TARGET_NAME)";
				SDKROOT = watchos;
				SKIP_INSTALL = YES;
				SWIFT_EMIT_LOC_STRINGS = YES;
				SWIFT_VERSION = 5.0;
				TARGETED_DEVICE_FAMILY = 4;
				WATCHOS_DEPLOYMENT_TARGET = 10.0;
			};
			name = Release;
		};
		LA10000060000000000000001 /* Debug */ = {
			isa = XCBuildConfiguration;
			buildSettings = {
				CODE_SIGN_STYLE = Automatic;
				CURRENT_PROJECT_VERSION = 22;
				DEVELOPMENT_TEAM = T33B88TGA8;
				GENERATE_INFOPLIST_FILE = NO;
				INFOPLIST_FILE = SimpleWorkoutGenLiveActivity/Info.plist;
				IPHONEOS_DEPLOYMENT_TARGET = 16.2;
				MARKETING_VERSION = 1.0;
				PRODUCT_BUNDLE_IDENTIFIER = "com.nomaen.homeworkout.live-activity";
				PRODUCT_NAME = "$(TARGET_NAME)";
				SKIP_INSTALL = YES;
				SWIFT_EMIT_LOC_STRINGS = YES;
				SWIFT_VERSION = 5.0;
				TARGETED_DEVICE_FAMILY = "1,2";
			};
			name = Debug;
		};
		LA10000060000000000000002 /* Release */ = {
			isa = XCBuildConfiguration;
			buildSettings = {
				CODE_SIGN_STYLE = Automatic;
				CURRENT_PROJECT_VERSION = 22;
				DEVELOPMENT_TEAM = T33B88TGA8;
				GENERATE_INFOPLIST_FILE = NO;
				INFOPLIST_FILE = SimpleWorkoutGenLiveActivity/Info.plist;
				IPHONEOS_DEPLOYMENT_TARGET = 16.2;
				MARKETING_VERSION = 1.0;
				PRODUCT_BUNDLE_IDENTIFIER = "com.nomaen.homeworkout.live-activity";
				PRODUCT_NAME = "$(TARGET_NAME)";
				SKIP_INSTALL = YES;
				SWIFT_EMIT_LOC_STRINGS = YES;
				SWIFT_VERSION = 5.0;
				TARGETED_DEVICE_FAMILY = "1,2";
			};
			name = Release;
		};
/* End XCBuildConfiguration section */

/* Begin XCConfigurationList section */
		504EC2FF1FED79650016851F /* Build configuration list for PBXProject "App" */ = {
			isa = XCConfigurationList;
			buildConfigurations = (
				504EC3141FED79650016851F /* Debug */,
				504EC3151FED79650016851F /* Release */,
			);
			defaultConfigurationIsVisible = 0;
			defaultConfigurationName = Release;
		};
		504EC3161FED79650016851F /* Build configuration list for PBXNativeTarget "App" */ = {
			isa = XCConfigurationList;
			buildConfigurations = (
				504EC3171FED79650016851F /* Debug */,
				504EC3181FED79650016851F /* Release */,
			);
			defaultConfigurationIsVisible = 0;
			defaultConfigurationName = Release;
		};
		W10A00007000000000000001 /* Build configuration list for PBXNativeTarget "HomeWorkoutWatch" */ = {
			isa = XCConfigurationList;
			buildConfigurations = (
				W10A00006000000000000001 /* Debug */,
				W10A00006000000000000002 /* Release */,
			);
			defaultConfigurationIsVisible = 0;
			defaultConfigurationName = Release;
		};
		LA10000070000000000000001 /* Build configuration list for PBXNativeTarget "SimpleWorkoutGenLiveActivity" */ = {
			isa = XCConfigurationList;
			buildConfigurations = (
				LA10000060000000000000001 /* Debug */,
				LA10000060000000000000002 /* Release */,
			);
			defaultConfigurationIsVisible = 0;
			defaultConfigurationName = Release;
		};
/* End XCConfigurationList section */

/* Begin XCLocalSwiftPackageReference section */
		D4C12C0A2AAA248700AAC8A2 /* XCLocalSwiftPackageReference "CapApp-SPM" */ = {
			isa = XCLocalSwiftPackageReference;
			relativePath = "CapApp-SPM";
		};
/* End XCLocalSwiftPackageReference section */

/* Begin XCSwiftPackageProductDependency section */
		4D22ABE82AF431CB00220026 /* CapApp-SPM */ = {
			isa = XCSwiftPackageProductDependency;
			package = D4C12C0A2AAA248700AAC8A2 /* XCLocalSwiftPackageReference "CapApp-SPM" */;
			productName = "CapApp-SPM";
		};
/* End XCSwiftPackageProductDependency section */
	};
	rootObject = 504EC2FC1FED79650016851F /* Project object */;
}
